
Microsoft Visual Studio Solution File, Format Version 12.00
# Visual Studio 15
VisualStudioVersion = 15.0.27428.2015
MinimumVisualStudioVersion = 10.0.40219.1
Project("{9A19103F-16F7-4668-BE54-9A1E7A4F7556}") = "Base.Tests", "SteamStatsApp.Tests\Base.Tests.csproj", "{52976FE6-ED5E-40D4-8F5B-13917492DC3C}"
EndProject
Project("{9A19103F-16F7-4668-BE54-9A1E7A4F7556}") = "ClientFramework", "ClientFramework\ClientFramework.csproj", "{45D49B94-BE63-4FD9-9A0C-67C55955923E}"
EndProject
Project("{9A19103F-16F7-4668-BE54-9A1E7A4F7556}") = "ClientFramework.Tests", "ClientFramework.Tests\ClientFramework.Tests.csproj", "{0CC14F71-F025-407E-89F3-2A09170B5219}"
EndProject
Project("{9A19103F-16F7-4668-BE54-9A1E7A4F7556}") = "ClientServices", "SteamStatsServices\ClientServices.csproj", "{658EEFED-5C09-4FD0-94EC-2EE0C04F028D}"
EndProject
Project("{9A19103F-16F7-4668-BE54-9A1E7A4F7556}") = "Base", "SteamStatsApp\Base.csproj", "{23B56BFE-9FB7-4C34-B787-90E9518E262A}"
EndProject
Project("{FAE04EC0-301F-11D3-BF4B-00C04F79EFBC}") = "Android", "SteamStatsApp.Android\Android.csproj", "{EBC2990D-EDC4-4C67-A0E2-A96F355FB3A2}"
EndProject
Project("{FAE04EC0-301F-11D3-BF4B-00C04F79EFBC}") = "UWP", "SteamStatsApp.UWP\UWP.csproj", "{AFD5265F-5988-4A24-8F57-F81EB9F7EAA7}"
EndProject
Project("{2150E333-8FDC-42A3-9474-1A3956D46DE8}") = "App", "App", "{CD17C08C-9407-4AD6-BAA9-AA559387589A}"
EndProject
Global
	GlobalSection(SolutionConfigurationPlatforms) = preSolution
		Ad-Hoc|Any CPU = Ad-Hoc|Any CPU
		Ad-Hoc|ARM = Ad-Hoc|ARM
		Ad-Hoc|iPhone = Ad-Hoc|iPhone
		Ad-Hoc|iPhoneSimulator = Ad-Hoc|iPhoneSimulator
		Ad-Hoc|x64 = Ad-Hoc|x64
		Ad-Hoc|x86 = Ad-Hoc|x86
		AppStore|Any CPU = AppStore|Any CPU
		AppStore|ARM = AppStore|ARM
		AppStore|iPhone = AppStore|iPhone
		AppStore|iPhoneSimulator = AppStore|iPhoneSimulator
		AppStore|x64 = AppStore|x64
		AppStore|x86 = AppStore|x86
		Debug|Any CPU = Debug|Any CPU
		Debug|ARM = Debug|ARM
		Debug|iPhone = Debug|iPhone
		Debug|iPhoneSimulator = Debug|iPhoneSimulator
		Debug|x64 = Debug|x64
		Debug|x86 = Debug|x86
		Release|Any CPU = Release|Any CPU
		Release|ARM = Release|ARM
		Release|iPhone = Release|iPhone
		Release|iPhoneSimulator = Release|iPhoneSimulator
		Release|x64 = Release|x64
		Release|x86 = Release|x86
	EndGlobalSection
	GlobalSection(ProjectConfigurationPlatforms) = postSolution
		{52976FE6-ED5E-40D4-8F5B-13917492DC3C}.Ad-Hoc|Any CPU.ActiveCfg = Debug|Any CPU
		{52976FE6-ED5E-40D4-8F5B-13917492DC3C}.Ad-Hoc|Any CPU.Build.0 = Debug|Any CPU
		{52976FE6-ED5E-40D4-8F5B-13917492DC3C}.Ad-Hoc|ARM.ActiveCfg = Debug|Any CPU
		{52976FE6-ED5E-40D4-8F5B-13917492DC3C}.Ad-Hoc|ARM.Build.0 = Debug|Any CPU
		{52976FE6-ED5E-40D4-8F5B-13917492DC3C}.Ad-Hoc|iPhone.ActiveCfg = Debug|Any CPU
		{52976FE6-ED5E-40D4-8F5B-13917492DC3C}.Ad-Hoc|iPhone.Build.0 = Debug|Any CPU
		{52976FE6-ED5E-40D4-8F5B-13917492DC3C}.Ad-Hoc|iPhoneSimulator.ActiveCfg = Debug|Any CPU
		{52976FE6-ED5E-40D4-8F5B-13917492DC3C}.Ad-Hoc|iPhoneSimulator.Build.0 = Debug|Any CPU
		{52976FE6-ED5E-40D4-8F5B-13917492DC3C}.Ad-Hoc|x64.ActiveCfg = Debug|Any CPU
		{52976FE6-ED5E-40D4-8F5B-13917492DC3C}.Ad-Hoc|x64.Build.0 = Debug|Any CPU
		{52976FE6-ED5E-40D4-8F5B-13917492DC3C}.Ad-Hoc|x86.ActiveCfg = Debug|Any CPU
		{52976FE6-ED5E-40D4-8F5B-13917492DC3C}.Ad-Hoc|x86.Build.0 = Debug|Any CPU
		{52976FE6-ED5E-40D4-8F5B-13917492DC3C}.AppStore|Any CPU.ActiveCfg = Debug|Any CPU
		{52976FE6-ED5E-40D4-8F5B-13917492DC3C}.AppStore|Any CPU.Build.0 = Debug|Any CPU
		{52976FE6-ED5E-40D4-8F5B-13917492DC3C}.AppStore|ARM.ActiveCfg = Debug|Any CPU
		{52976FE6-ED5E-40D4-8F5B-13917492DC3C}.AppStore|ARM.Build.0 = Debug|Any CPU
		{52976FE6-ED5E-40D4-8F5B-13917492DC3C}.AppStore|iPhone.ActiveCfg = Debug|Any CPU
		{52976FE6-ED5E-40D4-8F5B-13917492DC3C}.AppStore|iPhone.Build.0 = Debug|Any CPU
		{52976FE6-ED5E-40D4-8F5B-13917492DC3C}.AppStore|iPhoneSimulator.ActiveCfg = Debug|Any CPU
		{52976FE6-ED5E-40D4-8F5B-13917492DC3C}.AppStore|iPhoneSimulator.Build.0 = Debug|Any CPU
		{52976FE6-ED5E-40D4-8F5B-13917492DC3C}.AppStore|x64.ActiveCfg = Debug|Any CPU
		{52976FE6-ED5E-40D4-8F5B-13917492DC3C}.AppStore|x64.Build.0 = Debug|Any CPU
		{52976FE6-ED5E-40D4-8F5B-13917492DC3C}.AppStore|x86.ActiveCfg = Debug|Any CPU
		{52976FE6-ED5E-40D4-8F5B-13917492DC3C}.AppStore|x86.Build.0 = Debug|Any CPU
		{52976FE6-ED5E-40D4-8F5B-13917492DC3C}.Debug|Any CPU.ActiveCfg = Debug|Any CPU
		{52976FE6-ED5E-40D4-8F5B-13917492DC3C}.Debug|Any CPU.Build.0 = Debug|Any CPU
		{52976FE6-ED5E-40D4-8F5B-13917492DC3C}.Debug|ARM.ActiveCfg = Debug|Any CPU
		{52976FE6-ED5E-40D4-8F5B-13917492DC3C}.Debug|ARM.Build.0 = Debug|Any CPU
		{52976FE6-ED5E-40D4-8F5B-13917492DC3C}.Debug|iPhone.ActiveCfg = Debug|Any CPU
		{52976FE6-ED5E-40D4-8F5B-13917492DC3C}.Debug|iPhone.Build.0 = Debug|Any CPU
		{52976FE6-ED5E-40D4-8F5B-13917492DC3C}.Debug|iPhoneSimulator.ActiveCfg = Debug|Any CPU
		{52976FE6-ED5E-40D4-8F5B-13917492DC3C}.Debug|iPhoneSimulator.Build.0 = Debug|Any CPU
		{52976FE6-ED5E-40D4-8F5B-13917492DC3C}.Debug|x64.ActiveCfg = Debug|Any CPU
		{52976FE6-ED5E-40D4-8F5B-13917492DC3C}.Debug|x64.Build.0 = Debug|Any CPU
		{52976FE6-ED5E-40D4-8F5B-13917492DC3C}.Debug|x86.ActiveCfg = Debug|Any CPU
		{52976FE6-ED5E-40D4-8F5B-13917492DC3C}.Debug|x86.Build.0 = Debug|Any CPU
		{52976FE6-ED5E-40D4-8F5B-13917492DC3C}.Release|Any CPU.ActiveCfg = Release|Any CPU
		{52976FE6-ED5E-40D4-8F5B-13917492DC3C}.Release|Any CPU.Build.0 = Release|Any CPU
		{52976FE6-ED5E-40D4-8F5B-13917492DC3C}.Release|ARM.ActiveCfg = Release|Any CPU
		{52976FE6-ED5E-40D4-8F5B-13917492DC3C}.Release|ARM.Build.0 = Release|Any CPU
		{52976FE6-ED5E-40D4-8F5B-13917492DC3C}.Release|iPhone.ActiveCfg = Release|Any CPU
		{52976FE6-ED5E-40D4-8F5B-13917492DC3C}.Release|iPhone.Build.0 = Release|Any CPU
		{52976FE6-ED5E-40D4-8F5B-13917492DC3C}.Release|iPhoneSimulator.ActiveCfg = Release|Any CPU
		{52976FE6-ED5E-40D4-8F5B-13917492DC3C}.Release|iPhoneSimulator.Build.0 = Release|Any CPU
		{52976FE6-ED5E-40D4-8F5B-13917492DC3C}.Release|x64.ActiveCfg = Release|Any CPU
		{52976FE6-ED5E-40D4-8F5B-13917492DC3C}.Release|x64.Build.0 = Release|Any CPU
		{52976FE6-ED5E-40D4-8F5B-13917492DC3C}.Release|x86.ActiveCfg = Release|Any CPU
		{52976FE6-ED5E-40D4-8F5B-13917492DC3C}.Release|x86.Build.0 = Release|Any CPU
		{45D49B94-BE63-4FD9-9A0C-67C55955923E}.Ad-Hoc|Any CPU.ActiveCfg = Debug|Any CPU
		{45D49B94-BE63-4FD9-9A0C-67C55955923E}.Ad-Hoc|Any CPU.Build.0 = Debug|Any CPU
		{45D49B94-BE63-4FD9-9A0C-67C55955923E}.Ad-Hoc|ARM.ActiveCfg = Debug|Any CPU
		{45D49B94-BE63-4FD9-9A0C-67C55955923E}.Ad-Hoc|ARM.Build.0 = Debug|Any CPU
		{45D49B94-BE63-4FD9-9A0C-67C55955923E}.Ad-Hoc|iPhone.ActiveCfg = Debug|Any CPU
		{45D49B94-BE63-4FD9-9A0C-67C55955923E}.Ad-Hoc|iPhone.Build.0 = Debug|Any CPU
		{45D49B94-BE63-4FD9-9A0C-67C55955923E}.Ad-Hoc|iPhoneSimulator.ActiveCfg = Debug|Any CPU
		{45D49B94-BE63-4FD9-9A0C-67C55955923E}.Ad-Hoc|iPhoneSimulator.Build.0 = Debug|Any CPU
		{45D49B94-BE63-4FD9-9A0C-67C55955923E}.Ad-Hoc|x64.ActiveCfg = Debug|Any CPU
		{45D49B94-BE63-4FD9-9A0C-67C55955923E}.Ad-Hoc|x64.Build.0 = Debug|Any CPU
		{45D49B94-BE63-4FD9-9A0C-67C55955923E}.Ad-Hoc|x86.ActiveCfg = Debug|Any CPU
		{45D49B94-BE63-4FD9-9A0C-67C55955923E}.Ad-Hoc|x86.Build.0 = Debug|Any CPU
		{45D49B94-BE63-4FD9-9A0C-67C55955923E}.AppStore|Any CPU.ActiveCfg = Debug|Any CPU
		{45D49B94-BE63-4FD9-9A0C-67C55955923E}.AppStore|Any CPU.Build.0 = Debug|Any CPU
		{45D49B94-BE63-4FD9-9A0C-67C55955923E}.AppStore|ARM.ActiveCfg = Debug|Any CPU
		{45D49B94-BE63-4FD9-9A0C-67C55955923E}.AppStore|ARM.Build.0 = Debug|Any CPU
		{45D49B94-BE63-4FD9-9A0C-67C55955923E}.AppStore|iPhone.ActiveCfg = Debug|Any CPU
		{45D49B94-BE63-4FD9-9A0C-67C55955923E}.AppStore|iPhone.Build.0 = Debug|Any CPU
		{45D49B94-BE63-4FD9-9A0C-67C55955923E}.AppStore|iPhoneSimulator.ActiveCfg = Debug|Any CPU
		{45D49B94-BE63-4FD9-9A0C-67C55955923E}.AppStore|iPhoneSimulator.Build.0 = Debug|Any CPU
		{45D49B94-BE63-4FD9-9A0C-67C55955923E}.AppStore|x64.ActiveCfg = Debug|Any CPU
		{45D49B94-BE63-4FD9-9A0C-67C55955923E}.AppStore|x64.Build.0 = Debug|Any CPU
		{45D49B94-BE63-4FD9-9A0C-67C55955923E}.AppStore|x86.ActiveCfg = Debug|Any CPU
		{45D49B94-BE63-4FD9-9A0C-67C55955923E}.AppStore|x86.Build.0 = Debug|Any CPU
		{45D49B94-BE63-4FD9-9A0C-67C55955923E}.Debug|Any CPU.ActiveCfg = Debug|Any CPU
		{45D49B94-BE63-4FD9-9A0C-67C55955923E}.Debug|Any CPU.Build.0 = Debug|Any CPU
		{45D49B94-BE63-4FD9-9A0C-67C55955923E}.Debug|ARM.ActiveCfg = Debug|Any CPU
		{45D49B94-BE63-4FD9-9A0C-67C55955923E}.Debug|ARM.Build.0 = Debug|Any CPU
		{45D49B94-BE63-4FD9-9A0C-67C55955923E}.Debug|iPhone.ActiveCfg = Debug|Any CPU
		{45D49B94-BE63-4FD9-9A0C-67C55955923E}.Debug|iPhone.Build.0 = Debug|Any CPU
		{45D49B94-BE63-4FD9-9A0C-67C55955923E}.Debug|iPhoneSimulator.ActiveCfg = Debug|Any CPU
		{45D49B94-BE63-4FD9-9A0C-67C55955923E}.Debug|iPhoneSimulator.Build.0 = Debug|Any CPU
		{45D49B94-BE63-4FD9-9A0C-67C55955923E}.Debug|x64.ActiveCfg = Debug|Any CPU
		{45D49B94-BE63-4FD9-9A0C-67C55955923E}.Debug|x64.Build.0 = Debug|Any CPU
		{45D49B94-BE63-4FD9-9A0C-67C55955923E}.Debug|x86.ActiveCfg = Debug|Any CPU
		{45D49B94-BE63-4FD9-9A0C-67C55955923E}.Debug|x86.Build.0 = Debug|Any CPU
		{45D49B94-BE63-4FD9-9A0C-67C55955923E}.Release|Any CPU.ActiveCfg = Release|Any CPU
		{45D49B94-BE63-4FD9-9A0C-67C55955923E}.Release|Any CPU.Build.0 = Release|Any CPU
		{45D49B94-BE63-4FD9-9A0C-67C55955923E}.Release|ARM.ActiveCfg = Release|Any CPU
		{45D49B94-BE63-4FD9-9A0C-67C55955923E}.Release|ARM.Build.0 = Release|Any CPU
		{45D49B94-BE63-4FD9-9A0C-67C55955923E}.Release|iPhone.ActiveCfg = Release|Any CPU
		{45D49B94-BE63-4FD9-9A0C-67C55955923E}.Release|iPhone.Build.0 = Release|Any CPU
		{45D49B94-BE63-4FD9-9A0C-67C55955923E}.Release|iPhoneSimulator.ActiveCfg = Release|Any CPU
		{45D49B94-BE63-4FD9-9A0C-67C55955923E}.Release|iPhoneSimulator.Build.0 = Release|Any CPU
		{45D49B94-BE63-4FD9-9A0C-67C55955923E}.Release|x64.ActiveCfg = Release|Any CPU
		{45D49B94-BE63-4FD9-9A0C-67C55955923E}.Release|x64.Build.0 = Release|Any CPU
		{45D49B94-BE63-4FD9-9A0C-67C55955923E}.Release|x86.ActiveCfg = Release|Any CPU
		{45D49B94-BE63-4FD9-9A0C-67C55955923E}.Release|x86.Build.0 = Release|Any CPU
		{0CC14F71-F025-407E-89F3-2A09170B5219}.Ad-Hoc|Any CPU.ActiveCfg = Debug|Any CPU
		{0CC14F71-F025-407E-89F3-2A09170B5219}.Ad-Hoc|Any CPU.Build.0 = Debug|Any CPU
		{0CC14F71-F025-407E-89F3-2A09170B5219}.Ad-Hoc|ARM.ActiveCfg = Debug|Any CPU
		{0CC14F71-F025-407E-89F3-2A09170B5219}.Ad-Hoc|ARM.Build.0 = Debug|Any CPU
		{0CC14F71-F025-407E-89F3-2A09170B5219}.Ad-Hoc|iPhone.ActiveCfg = Debug|Any CPU
		{0CC14F71-F025-407E-89F3-2A09170B5219}.Ad-Hoc|iPhone.Build.0 = Debug|Any CPU
		{0CC14F71-F025-407E-89F3-2A09170B5219}.Ad-Hoc|iPhoneSimulator.ActiveCfg = Debug|Any CPU
		{0CC14F71-F025-407E-89F3-2A09170B5219}.Ad-Hoc|iPhoneSimulator.Build.0 = Debug|Any CPU
		{0CC14F71-F025-407E-89F3-2A09170B5219}.Ad-Hoc|x64.ActiveCfg = Debug|Any CPU
		{0CC14F71-F025-407E-89F3-2A09170B5219}.Ad-Hoc|x64.Build.0 = Debug|Any CPU
		{0CC14F71-F025-407E-89F3-2A09170B5219}.Ad-Hoc|x86.ActiveCfg = Debug|Any CPU
		{0CC14F71-F025-407E-89F3-2A09170B5219}.Ad-Hoc|x86.Build.0 = Debug|Any CPU
		{0CC14F71-F025-407E-89F3-2A09170B5219}.AppStore|Any CPU.ActiveCfg = Debug|Any CPU
		{0CC14F71-F025-407E-89F3-2A09170B5219}.AppStore|Any CPU.Build.0 = Debug|Any CPU
		{0CC14F71-F025-407E-89F3-2A09170B5219}.AppStore|ARM.ActiveCfg = Debug|Any CPU
		{0CC14F71-F025-407E-89F3-2A09170B5219}.AppStore|ARM.Build.0 = Debug|Any CPU
		{0CC14F71-F025-407E-89F3-2A09170B5219}.AppStore|iPhone.ActiveCfg = Debug|Any CPU
		{0CC14F71-F025-407E-89F3-2A09170B5219}.AppStore|iPhone.Build.0 = Debug|Any CPU
		{0CC14F71-F025-407E-89F3-2A09170B5219}.AppStore|iPhoneSimulator.ActiveCfg = Debug|Any CPU
		{0CC14F71-F025-407E-89F3-2A09170B5219}.AppStore|iPhoneSimulator.Build.0 = Debug|Any CPU
		{0CC14F71-F025-407E-89F3-2A09170B5219}.AppStore|x64.ActiveCfg = Debug|Any CPU
		{0CC14F71-F025-407E-89F3-2A09170B5219}.AppStore|x64.Build.0 = Debug|Any CPU
		{0CC14F71-F025-407E-89F3-2A09170B5219}.AppStore|x86.ActiveCfg = Debug|Any CPU
		{0CC14F71-F025-407E-89F3-2A09170B5219}.AppStore|x86.Build.0 = Debug|Any CPU
		{0CC14F71-F025-407E-89F3-2A09170B5219}.Debug|Any CPU.ActiveCfg = Debug|Any CPU
		{0CC14F71-F025-407E-89F3-2A09170B5219}.Debug|Any CPU.Build.0 = Debug|Any CPU
		{0CC14F71-F025-407E-89F3-2A09170B5219}.Debug|ARM.ActiveCfg = Debug|Any CPU
		{0CC14F71-F025-407E-89F3-2A09170B5219}.Debug|ARM.Build.0 = Debug|Any CPU
		{0CC14F71-F025-407E-89F3-2A09170B5219}.Debug|iPhone.ActiveCfg = Debug|Any CPU
		{0CC14F71-F025-407E-89F3-2A09170B5219}.Debug|iPhone.Build.0 = Debug|Any CPU
		{0CC14F71-F025-407E-89F3-2A09170B5219}.Debug|iPhoneSimulator.ActiveCfg = Debug|Any CPU
		{0CC14F71-F025-407E-89F3-2A09170B5219}.Debug|iPhoneSimulator.Build.0 = Debug|Any CPU
		{0CC14F71-F025-407E-89F3-2A09170B5219}.Debug|x64.ActiveCfg = Debug|Any CPU
		{0CC14F71-F025-407E-89F3-2A09170B5219}.Debug|x64.Build.0 = Debug|Any CPU
		{0CC14F71-F025-407E-89F3-2A09170B5219}.Debug|x86.ActiveCfg = Debug|Any CPU
		{0CC14F71-F025-407E-89F3-2A09170B5219}.Debug|x86.Build.0 = Debug|Any CPU
		{0CC14F71-F025-407E-89F3-2A09170B5219}.Release|Any CPU.ActiveCfg = Release|Any CPU
		{0CC14F71-F025-407E-89F3-2A09170B5219}.Release|Any CPU.Build.0 = Release|Any CPU
		{0CC14F71-F025-407E-89F3-2A09170B5219}.Release|ARM.ActiveCfg = Release|Any CPU
		{0CC14F71-F025-407E-89F3-2A09170B5219}.Release|ARM.Build.0 = Release|Any CPU
		{0CC14F71-F025-407E-89F3-2A09170B5219}.Release|iPhone.ActiveCfg = Release|Any CPU
		{0CC14F71-F025-407E-89F3-2A09170B5219}.Release|iPhone.Build.0 = Release|Any CPU
		{0CC14F71-F025-407E-89F3-2A09170B5219}.Release|iPhoneSimulator.ActiveCfg = Release|Any CPU
		{0CC14F71-F025-407E-89F3-2A09170B5219}.Release|iPhoneSimulator.Build.0 = Release|Any CPU
		{0CC14F71-F025-407E-89F3-2A09170B5219}.Release|x64.ActiveCfg = Release|Any CPU
		{0CC14F71-F025-407E-89F3-2A09170B5219}.Release|x64.Build.0 = Release|Any CPU
		{0CC14F71-F025-407E-89F3-2A09170B5219}.Release|x86.ActiveCfg = Release|Any CPU
		{0CC14F71-F025-407E-89F3-2A09170B5219}.Release|x86.Build.0 = Release|Any CPU
		{658EEFED-5C09-4FD0-94EC-2EE0C04F028D}.Ad-Hoc|Any CPU.ActiveCfg = Debug|Any CPU
		{658EEFED-5C09-4FD0-94EC-2EE0C04F028D}.Ad-Hoc|Any CPU.Build.0 = Debug|Any CPU
		{658EEFED-5C09-4FD0-94EC-2EE0C04F028D}.Ad-Hoc|ARM.ActiveCfg = Debug|Any CPU
		{658EEFED-5C09-4FD0-94EC-2EE0C04F028D}.Ad-Hoc|ARM.Build.0 = Debug|Any CPU
		{658EEFED-5C09-4FD0-94EC-2EE0C04F028D}.Ad-Hoc|iPhone.ActiveCfg = Debug|Any CPU
		{658EEFED-5C09-4FD0-94EC-2EE0C04F028D}.Ad-Hoc|iPhone.Build.0 = Debug|Any CPU
		{658EEFED-5C09-4FD0-94EC-2EE0C04F028D}.Ad-Hoc|iPhoneSimulator.ActiveCfg = Debug|Any CPU
		{658EEFED-5C09-4FD0-94EC-2EE0C04F028D}.Ad-Hoc|iPhoneSimulator.Build.0 = Debug|Any CPU
		{658EEFED-5C09-4FD0-94EC-2EE0C04F028D}.Ad-Hoc|x64.ActiveCfg = Debug|Any CPU
		{658EEFED-5C09-4FD0-94EC-2EE0C04F028D}.Ad-Hoc|x64.Build.0 = Debug|Any CPU
		{658EEFED-5C09-4FD0-94EC-2EE0C04F028D}.Ad-Hoc|x86.ActiveCfg = Debug|Any CPU
		{658EEFED-5C09-4FD0-94EC-2EE0C04F028D}.Ad-Hoc|x86.Build.0 = Debug|Any CPU
		{658EEFED-5C09-4FD0-94EC-2EE0C04F028D}.AppStore|Any CPU.ActiveCfg = Debug|Any CPU
		{658EEFED-5C09-4FD0-94EC-2EE0C04F028D}.AppStore|Any CPU.Build.0 = Debug|Any CPU
		{658EEFED-5C09-4FD0-94EC-2EE0C04F028D}.AppStore|ARM.ActiveCfg = Debug|Any CPU
		{658EEFED-5C09-4FD0-94EC-2EE0C04F028D}.AppStore|ARM.Build.0 = Debug|Any CPU
		{658EEFED-5C09-4FD0-94EC-2EE0C04F028D}.AppStore|iPhone.ActiveCfg = Debug|Any CPU
		{658EEFED-5C09-4FD0-94EC-2EE0C04F028D}.AppStore|iPhone.Build.0 = Debug|Any CPU
		{658EEFED-5C09-4FD0-94EC-2EE0C04F028D}.AppStore|iPhoneSimulator.ActiveCfg = Debug|Any CPU
		{658EEFED-5C09-4FD0-94EC-2EE0C04F028D}.AppStore|iPhoneSimulator.Build.0 = Debug|Any CPU
		{658EEFED-5C09-4FD0-94EC-2EE0C04F028D}.AppStore|x64.ActiveCfg = Debug|Any CPU
		{658EEFED-5C09-4FD0-94EC-2EE0C04F028D}.AppStore|x64.Build.0 = Debug|Any CPU
		{658EEFED-5C09-4FD0-94EC-2EE0C04F028D}.AppStore|x86.ActiveCfg = Debug|Any CPU
		{658EEFED-5C09-4FD0-94EC-2EE0C04F028D}.AppStore|x86.Build.0 = Debug|Any CPU
		{658EEFED-5C09-4FD0-94EC-2EE0C04F028D}.Debug|Any CPU.ActiveCfg = Debug|Any CPU
		{658EEFED-5C09-4FD0-94EC-2EE0C04F028D}.Debug|Any CPU.Build.0 = Debug|Any CPU
		{658EEFED-5C09-4FD0-94EC-2EE0C04F028D}.Debug|ARM.ActiveCfg = Debug|Any CPU
		{658EEFED-5C09-4FD0-94EC-2EE0C04F028D}.Debug|ARM.Build.0 = Debug|Any CPU
		{658EEFED-5C09-4FD0-94EC-2EE0C04F028D}.Debug|iPhone.ActiveCfg = Debug|Any CPU
		{658EEFED-5C09-4FD0-94EC-2EE0C04F028D}.Debug|iPhone.Build.0 = Debug|Any CPU
		{658EEFED-5C09-4FD0-94EC-2EE0C04F028D}.Debug|iPhoneSimulator.ActiveCfg = Debug|Any CPU
		{658EEFED-5C09-4FD0-94EC-2EE0C04F028D}.Debug|iPhoneSimulator.Build.0 = Debug|Any CPU
		{658EEFED-5C09-4FD0-94EC-2EE0C04F028D}.Debug|x64.ActiveCfg = Debug|Any CPU
		{658EEFED-5C09-4FD0-94EC-2EE0C04F028D}.Debug|x64.Build.0 = Debug|Any CPU
		{658EEFED-5C09-4FD0-94EC-2EE0C04F028D}.Debug|x86.ActiveCfg = Debug|Any CPU
		{658EEFED-5C09-4FD0-94EC-2EE0C04F028D}.Debug|x86.Build.0 = Debug|Any CPU
		{658EEFED-5C09-4FD0-94EC-2EE0C04F028D}.Release|Any CPU.ActiveCfg = Release|Any CPU
		{658EEFED-5C09-4FD0-94EC-2EE0C04F028D}.Release|Any CPU.Build.0 = Release|Any CPU
		{658EEFED-5C09-4FD0-94EC-2EE0C04F028D}.Release|ARM.ActiveCfg = Release|Any CPU
		{658EEFED-5C09-4FD0-94EC-2EE0C04F028D}.Release|ARM.Build.0 = Release|Any CPU
		{658EEFED-5C09-4FD0-94EC-2EE0C04F028D}.Release|iPhone.ActiveCfg = Release|Any CPU
		{658EEFED-5C09-4FD0-94EC-2EE0C04F028D}.Release|iPhone.Build.0 = Release|Any CPU
		{658EEFED-5C09-4FD0-94EC-2EE0C04F028D}.Release|iPhoneSimulator.ActiveCfg = Release|Any CPU
		{658EEFED-5C09-4FD0-94EC-2EE0C04F028D}.Release|iPhoneSimulator.Build.0 = Release|Any CPU
		{658EEFED-5C09-4FD0-94EC-2EE0C04F028D}.Release|x64.ActiveCfg = Release|Any CPU
		{658EEFED-5C09-4FD0-94EC-2EE0C04F028D}.Release|x64.Build.0 = Release|Any CPU
		{658EEFED-5C09-4FD0-94EC-2EE0C04F028D}.Release|x86.ActiveCfg = Release|Any CPU
		{658EEFED-5C09-4FD0-94EC-2EE0C04F028D}.Release|x86.Build.0 = Release|Any CPU
		{23B56BFE-9FB7-4C34-B787-90E9518E262A}.Ad-Hoc|Any CPU.ActiveCfg = Debug|Any CPU
		{23B56BFE-9FB7-4C34-B787-90E9518E262A}.Ad-Hoc|Any CPU.Build.0 = Debug|Any CPU
		{23B56BFE-9FB7-4C34-B787-90E9518E262A}.Ad-Hoc|ARM.ActiveCfg = Debug|Any CPU
		{23B56BFE-9FB7-4C34-B787-90E9518E262A}.Ad-Hoc|ARM.Build.0 = Debug|Any CPU
		{23B56BFE-9FB7-4C34-B787-90E9518E262A}.Ad-Hoc|iPhone.ActiveCfg = Debug|Any CPU
		{23B56BFE-9FB7-4C34-B787-90E9518E262A}.Ad-Hoc|iPhone.Build.0 = Debug|Any CPU
		{23B56BFE-9FB7-4C34-B787-90E9518E262A}.Ad-Hoc|iPhoneSimulator.ActiveCfg = Debug|Any CPU
		{23B56BFE-9FB7-4C34-B787-90E9518E262A}.Ad-Hoc|iPhoneSimulator.Build.0 = Debug|Any CPU
		{23B56BFE-9FB7-4C34-B787-90E9518E262A}.Ad-Hoc|x64.ActiveCfg = Debug|Any CPU
		{23B56BFE-9FB7-4C34-B787-90E9518E262A}.Ad-Hoc|x64.Build.0 = Debug|Any CPU
		{23B56BFE-9FB7-4C34-B787-90E9518E262A}.Ad-Hoc|x86.ActiveCfg = Debug|Any CPU
		{23B56BFE-9FB7-4C34-B787-90E9518E262A}.Ad-Hoc|x86.Build.0 = Debug|Any CPU
		{23B56BFE-9FB7-4C34-B787-90E9518E262A}.AppStore|Any CPU.ActiveCfg = Debug|Any CPU
		{23B56BFE-9FB7-4C34-B787-90E9518E262A}.AppStore|Any CPU.Build.0 = Debug|Any CPU
		{23B56BFE-9FB7-4C34-B787-90E9518E262A}.AppStore|ARM.ActiveCfg = Debug|Any CPU
		{23B56BFE-9FB7-4C34-B787-90E9518E262A}.AppStore|ARM.Build.0 = Debug|Any CPU
		{23B56BFE-9FB7-4C34-B787-90E9518E262A}.AppStore|iPhone.ActiveCfg = Debug|Any CPU
		{23B56BFE-9FB7-4C34-B787-90E9518E262A}.AppStore|iPhone.Build.0 = Debug|Any CPU
		{23B56BFE-9FB7-4C34-B787-90E9518E262A}.AppStore|iPhoneSimulator.ActiveCfg = Debug|Any CPU
		{23B56BFE-9FB7-4C34-B787-90E9518E262A}.AppStore|iPhoneSimulator.Build.0 = Debug|Any CPU
		{23B56BFE-9FB7-4C34-B787-90E9518E262A}.AppStore|x64.ActiveCfg = Debug|Any CPU
		{23B56BFE-9FB7-4C34-B787-90E9518E262A}.AppStore|x64.Build.0 = Debug|Any CPU
		{23B56BFE-9FB7-4C34-B787-90E9518E262A}.AppStore|x86.ActiveCfg = Debug|Any CPU
		{23B56BFE-9FB7-4C34-B787-90E9518E262A}.AppStore|x86.Build.0 = Debug|Any CPU
		{23B56BFE-9FB7-4C34-B787-90E9518E262A}.Debug|Any CPU.ActiveCfg = Debug|Any CPU
		{23B56BFE-9FB7-4C34-B787-90E9518E262A}.Debug|Any CPU.Build.0 = Debug|Any CPU
		{23B56BFE-9FB7-4C34-B787-90E9518E262A}.Debug|ARM.ActiveCfg = Debug|Any CPU
		{23B56BFE-9FB7-4C34-B787-90E9518E262A}.Debug|ARM.Build.0 = Debug|Any CPU
		{23B56BFE-9FB7-4C34-B787-90E9518E262A}.Debug|iPhone.ActiveCfg = Debug|Any CPU
		{23B56BFE-9FB7-4C34-B787-90E9518E262A}.Debug|iPhone.Build.0 = Debug|Any CPU
		{23B56BFE-9FB7-4C34-B787-90E9518E262A}.Debug|iPhoneSimulator.ActiveCfg = Debug|Any CPU
		{23B56BFE-9FB7-4C34-B787-90E9518E262A}.Debug|iPhoneSimulator.Build.0 = Debug|Any CPU
		{23B56BFE-9FB7-4C34-B787-90E9518E262A}.Debug|x64.ActiveCfg = Debug|Any CPU
		{23B56BFE-9FB7-4C34-B787-90E9518E262A}.Debug|x64.Build.0 = Debug|Any CPU
		{23B56BFE-9FB7-4C34-B787-90E9518E262A}.Debug|x86.ActiveCfg = Debug|Any CPU
		{23B56BFE-9FB7-4C34-B787-90E9518E262A}.Debug|x86.Build.0 = Debug|Any CPU
		{23B56BFE-9FB7-4C34-B787-90E9518E262A}.Release|Any CPU.ActiveCfg = Release|Any CPU
		{23B56BFE-9FB7-4C34-B787-90E9518E262A}.Release|Any CPU.Build.0 = Release|Any CPU
		{23B56BFE-9FB7-4C34-B787-90E9518E262A}.Release|ARM.ActiveCfg = Release|Any CPU
		{23B56BFE-9FB7-4C34-B787-90E9518E262A}.Release|ARM.Build.0 = Release|Any CPU
		{23B56BFE-9FB7-4C34-B787-90E9518E262A}.Release|iPhone.ActiveCfg = Release|Any CPU
		{23B56BFE-9FB7-4C34-B787-90E9518E262A}.Release|iPhone.Build.0 = Release|Any CPU
		{23B56BFE-9FB7-4C34-B787-90E9518E262A}.Release|iPhoneSimulator.ActiveCfg = Release|Any CPU
		{23B56BFE-9FB7-4C34-B787-90E9518E262A}.Release|iPhoneSimulator.Build.0 = Release|Any CPU
		{23B56BFE-9FB7-4C34-B787-90E9518E262A}.Release|x64.ActiveCfg = Release|Any CPU
		{23B56BFE-9FB7-4C34-B787-90E9518E262A}.Release|x64.Build.0 = Release|Any CPU
		{23B56BFE-9FB7-4C34-B787-90E9518E262A}.Release|x86.ActiveCfg = Release|Any CPU
		{23B56BFE-9FB7-4C34-B787-90E9518E262A}.Release|x86.Build.0 = Release|Any CPU
		{EBC2990D-EDC4-4C67-A0E2-A96F355FB3A2}.Ad-Hoc|Any CPU.ActiveCfg = Release|Any CPU
		{EBC2990D-EDC4-4C67-A0E2-A96F355FB3A2}.Ad-Hoc|Any CPU.Build.0 = Release|Any CPU
		{EBC2990D-EDC4-4C67-A0E2-A96F355FB3A2}.Ad-Hoc|Any CPU.Deploy.0 = Release|Any CPU
		{EBC2990D-EDC4-4C67-A0E2-A96F355FB3A2}.Ad-Hoc|ARM.ActiveCfg = Release|Any CPU
		{EBC2990D-EDC4-4C67-A0E2-A96F355FB3A2}.Ad-Hoc|ARM.Build.0 = Release|Any CPU
		{EBC2990D-EDC4-4C67-A0E2-A96F355FB3A2}.Ad-Hoc|ARM.Deploy.0 = Release|Any CPU
		{EBC2990D-EDC4-4C67-A0E2-A96F355FB3A2}.Ad-Hoc|iPhone.ActiveCfg = Release|Any CPU
		{EBC2990D-EDC4-4C67-A0E2-A96F355FB3A2}.Ad-Hoc|iPhone.Build.0 = Release|Any CPU
		{EBC2990D-EDC4-4C67-A0E2-A96F355FB3A2}.Ad-Hoc|iPhone.Deploy.0 = Release|Any CPU
		{EBC2990D-EDC4-4C67-A0E2-A96F355FB3A2}.Ad-Hoc|iPhoneSimulator.ActiveCfg = Release|Any CPU
		{EBC2990D-EDC4-4C67-A0E2-A96F355FB3A2}.Ad-Hoc|iPhoneSimulator.Build.0 = Release|Any CPU
		{EBC2990D-EDC4-4C67-A0E2-A96F355FB3A2}.Ad-Hoc|iPhoneSimulator.Deploy.0 = Release|Any CPU
		{EBC2990D-EDC4-4C67-A0E2-A96F355FB3A2}.Ad-Hoc|x64.ActiveCfg = Release|Any CPU
		{EBC2990D-EDC4-4C67-A0E2-A96F355FB3A2}.Ad-Hoc|x64.Build.0 = Release|Any CPU
		{EBC2990D-EDC4-4C67-A0E2-A96F355FB3A2}.Ad-Hoc|x64.Deploy.0 = Release|Any CPU
		{EBC2990D-EDC4-4C67-A0E2-A96F355FB3A2}.Ad-Hoc|x86.ActiveCfg = Release|Any CPU
		{EBC2990D-EDC4-4C67-A0E2-A96F355FB3A2}.Ad-Hoc|x86.Build.0 = Release|Any CPU
		{EBC2990D-EDC4-4C67-A0E2-A96F355FB3A2}.Ad-Hoc|x86.Deploy.0 = Release|Any CPU
		{EBC2990D-EDC4-4C67-A0E2-A96F355FB3A2}.AppStore|Any CPU.ActiveCfg = Release|Any CPU
		{EBC2990D-EDC4-4C67-A0E2-A96F355FB3A2}.AppStore|Any CPU.Build.0 = Release|Any CPU
		{EBC2990D-EDC4-4C67-A0E2-A96F355FB3A2}.AppStore|Any CPU.Deploy.0 = Release|Any CPU
		{EBC2990D-EDC4-4C67-A0E2-A96F355FB3A2}.AppStore|ARM.ActiveCfg = Release|Any CPU
		{EBC2990D-EDC4-4C67-A0E2-A96F355FB3A2}.AppStore|ARM.Build.0 = Release|Any CPU
		{EBC2990D-EDC4-4C67-A0E2-A96F355FB3A2}.AppStore|ARM.Deploy.0 = Release|Any CPU
		{EBC2990D-EDC4-4C67-A0E2-A96F355FB3A2}.AppStore|iPhone.ActiveCfg = Release|Any CPU
		{EBC2990D-EDC4-4C67-A0E2-A96F355FB3A2}.AppStore|iPhone.Build.0 = Release|Any CPU
		{EBC2990D-EDC4-4C67-A0E2-A96F355FB3A2}.AppStore|iPhone.Deploy.0 = Release|Any CPU
		{EBC2990D-EDC4-4C67-A0E2-A96F355FB3A2}.AppStore|iPhoneSimulator.ActiveCfg = Release|Any CPU
		{EBC2990D-EDC4-4C67-A0E2-A96F355FB3A2}.AppStore|iPhoneSimulator.Build.0 = Release|Any CPU
		{EBC2990D-EDC4-4C67-A0E2-A96F355FB3A2}.AppStore|iPhoneSimulator.Deploy.0 = Release|Any CPU
		{EBC2990D-EDC4-4C67-A0E2-A96F355FB3A2}.AppStore|x64.ActiveCfg = Release|Any CPU
		{EBC2990D-EDC4-4C67-A0E2-A96F355FB3A2}.AppStore|x64.Build.0 = Release|Any CPU
		{EBC2990D-EDC4-4C67-A0E2-A96F355FB3A2}.AppStore|x64.Deploy.0 = Release|Any CPU
		{EBC2990D-EDC4-4C67-A0E2-A96F355FB3A2}.AppStore|x86.ActiveCfg = Release|Any CPU
		{EBC2990D-EDC4-4C67-A0E2-A96F355FB3A2}.AppStore|x86.Build.0 = Release|Any CPU
		{EBC2990D-EDC4-4C67-A0E2-A96F355FB3A2}.AppStore|x86.Deploy.0 = Release|Any CPU
		{EBC2990D-EDC4-4C67-A0E2-A96F355FB3A2}.Debug|Any CPU.ActiveCfg = Debug|Any CPU
		{EBC2990D-EDC4-4C67-A0E2-A96F355FB3A2}.Debug|Any CPU.Build.0 = Debug|Any CPU
		{EBC2990D-EDC4-4C67-A0E2-A96F355FB3A2}.Debug|Any CPU.Deploy.0 = Debug|Any CPU
		{EBC2990D-EDC4-4C67-A0E2-A96F355FB3A2}.Debug|ARM.ActiveCfg = Debug|Any CPU
		{EBC2990D-EDC4-4C67-A0E2-A96F355FB3A2}.Debug|ARM.Build.0 = Debug|Any CPU
		{EBC2990D-EDC4-4C67-A0E2-A96F355FB3A2}.Debug|ARM.Deploy.0 = Debug|Any CPU
		{EBC2990D-EDC4-4C67-A0E2-A96F355FB3A2}.Debug|iPhone.ActiveCfg = Debug|Any CPU
		{EBC2990D-EDC4-4C67-A0E2-A96F355FB3A2}.Debug|iPhone.Build.0 = Debug|Any CPU
		{EBC2990D-EDC4-4C67-A0E2-A96F355FB3A2}.Debug|iPhone.Deploy.0 = Debug|Any CPU
		{EBC2990D-EDC4-4C67-A0E2-A96F355FB3A2}.Debug|iPhoneSimulator.ActiveCfg = Debug|Any CPU
		{EBC2990D-EDC4-4C67-A0E2-A96F355FB3A2}.Debug|iPhoneSimulator.Build.0 = Debug|Any CPU
		{EBC2990D-EDC4-4C67-A0E2-A96F355FB3A2}.Debug|iPhoneSimulator.Deploy.0 = Debug|Any CPU
		{EBC2990D-EDC4-4C67-A0E2-A96F355FB3A2}.Debug|x64.ActiveCfg = Debug|Any CPU
		{EBC2990D-EDC4-4C67-A0E2-A96F355FB3A2}.Debug|x64.Build.0 = Debug|Any CPU
		{EBC2990D-EDC4-4C67-A0E2-A96F355FB3A2}.Debug|x64.Deploy.0 = Debug|Any CPU
		{EBC2990D-EDC4-4C67-A0E2-A96F355FB3A2}.Debug|x86.ActiveCfg = Debug|Any CPU
		{EBC2990D-EDC4-4C67-A0E2-A96F355FB3A2}.Debug|x86.Build.0 = Debug|Any CPU
		{EBC2990D-EDC4-4C67-A0E2-A96F355FB3A2}.Debug|x86.Deploy.0 = Debug|Any CPU
		{EBC2990D-EDC4-4C67-A0E2-A96F355FB3A2}.Release|Any CPU.ActiveCfg = Release|Any CPU
		{EBC2990D-EDC4-4C67-A0E2-A96F355FB3A2}.Release|Any CPU.Build.0 = Release|Any CPU
		{EBC2990D-EDC4-4C67-A0E2-A96F355FB3A2}.Release|Any CPU.Deploy.0 = Release|Any CPU
		{EBC2990D-EDC4-4C67-A0E2-A96F355FB3A2}.Release|ARM.ActiveCfg = Release|Any CPU
		{EBC2990D-EDC4-4C67-A0E2-A96F355FB3A2}.Release|ARM.Build.0 = Release|Any CPU
		{EBC2990D-EDC4-4C67-A0E2-A96F355FB3A2}.Release|ARM.Deploy.0 = Release|Any CPU
		{EBC2990D-EDC4-4C67-A0E2-A96F355FB3A2}.Release|iPhone.ActiveCfg = Release|Any CPU
		{EBC2990D-EDC4-4C67-A0E2-A96F355FB3A2}.Release|iPhone.Build.0 = Release|Any CPU
		{EBC2990D-EDC4-4C67-A0E2-A96F355FB3A2}.Release|iPhone.Deploy.0 = Release|Any CPU
		{EBC2990D-EDC4-4C67-A0E2-A96F355FB3A2}.Release|iPhoneSimulator.ActiveCfg = Release|Any CPU
		{EBC2990D-EDC4-4C67-A0E2-A96F355FB3A2}.Release|iPhoneSimulator.Build.0 = Release|Any CPU
		{EBC2990D-EDC4-4C67-A0E2-A96F355FB3A2}.Release|iPhoneSimulator.Deploy.0 = Release|Any CPU
		{EBC2990D-EDC4-4C67-A0E2-A96F355FB3A2}.Release|x64.ActiveCfg = Release|Any CPU
		{EBC2990D-EDC4-4C67-A0E2-A96F355FB3A2}.Release|x64.Build.0 = Release|Any CPU
		{EBC2990D-EDC4-4C67-A0E2-A96F355FB3A2}.Release|x64.Deploy.0 = Release|Any CPU
		{EBC2990D-EDC4-4C67-A0E2-A96F355FB3A2}.Release|x86.ActiveCfg = Release|Any CPU
		{EBC2990D-EDC4-4C67-A0E2-A96F355FB3A2}.Release|x86.Build.0 = Release|Any CPU
		{EBC2990D-EDC4-4C67-A0E2-A96F355FB3A2}.Release|x86.Deploy.0 = Release|Any CPU
		{AFD5265F-5988-4A24-8F57-F81EB9F7EAA7}.Ad-Hoc|Any CPU.ActiveCfg = Release|x86
		{AFD5265F-5988-4A24-8F57-F81EB9F7EAA7}.Ad-Hoc|Any CPU.Build.0 = Release|x86
		{AFD5265F-5988-4A24-8F57-F81EB9F7EAA7}.Ad-Hoc|Any CPU.Deploy.0 = Release|x86
		{AFD5265F-5988-4A24-8F57-F81EB9F7EAA7}.Ad-Hoc|ARM.ActiveCfg = Release|ARM
		{AFD5265F-5988-4A24-8F57-F81EB9F7EAA7}.Ad-Hoc|ARM.Build.0 = Release|ARM
		{AFD5265F-5988-4A24-8F57-F81EB9F7EAA7}.Ad-Hoc|ARM.Deploy.0 = Release|ARM
		{AFD5265F-5988-4A24-8F57-F81EB9F7EAA7}.Ad-Hoc|iPhone.ActiveCfg = Release|x86
		{AFD5265F-5988-4A24-8F57-F81EB9F7EAA7}.Ad-Hoc|iPhone.Build.0 = Release|x86
		{AFD5265F-5988-4A24-8F57-F81EB9F7EAA7}.Ad-Hoc|iPhone.Deploy.0 = Release|x86
		{AFD5265F-5988-4A24-8F57-F81EB9F7EAA7}.Ad-Hoc|iPhoneSimulator.ActiveCfg = Release|x86
		{AFD5265F-5988-4A24-8F57-F81EB9F7EAA7}.Ad-Hoc|iPhoneSimulator.Build.0 = Release|x86
		{AFD5265F-5988-4A24-8F57-F81EB9F7EAA7}.Ad-Hoc|iPhoneSimulator.Deploy.0 = Release|x86
		{AFD5265F-5988-4A24-8F57-F81EB9F7EAA7}.Ad-Hoc|x64.ActiveCfg = Release|x64
		{AFD5265F-5988-4A24-8F57-F81EB9F7EAA7}.Ad-Hoc|x64.Build.0 = Release|x64
		{AFD5265F-5988-4A24-8F57-F81EB9F7EAA7}.Ad-Hoc|x64.Deploy.0 = Release|x64
		{AFD5265F-5988-4A24-8F57-F81EB9F7EAA7}.Ad-Hoc|x86.ActiveCfg = Release|x86
		{AFD5265F-5988-4A24-8F57-F81EB9F7EAA7}.Ad-Hoc|x86.Build.0 = Release|x86
		{AFD5265F-5988-4A24-8F57-F81EB9F7EAA7}.Ad-Hoc|x86.Deploy.0 = Release|x86
		{AFD5265F-5988-4A24-8F57-F81EB9F7EAA7}.AppStore|Any CPU.ActiveCfg = Release|x86
		{AFD5265F-5988-4A24-8F57-F81EB9F7EAA7}.AppStore|Any CPU.Build.0 = Release|x86
		{AFD5265F-5988-4A24-8F57-F81EB9F7EAA7}.AppStore|Any CPU.Deploy.0 = Release|x86
		{AFD5265F-5988-4A24-8F57-F81EB9F7EAA7}.AppStore|ARM.ActiveCfg = Release|ARM
		{AFD5265F-5988-4A24-8F57-F81EB9F7EAA7}.AppStore|ARM.Build.0 = Release|ARM
		{AFD5265F-5988-4A24-8F57-F81EB9F7EAA7}.AppStore|ARM.Deploy.0 = Release|ARM
		{AFD5265F-5988-4A24-8F57-F81EB9F7EAA7}.AppStore|iPhone.ActiveCfg = Release|x86
		{AFD5265F-5988-4A24-8F57-F81EB9F7EAA7}.AppStore|iPhone.Build.0 = Release|x86
		{AFD5265F-5988-4A24-8F57-F81EB9F7EAA7}.AppStore|iPhone.Deploy.0 = Release|x86
		{AFD5265F-5988-4A24-8F57-F81EB9F7EAA7}.AppStore|iPhoneSimulator.ActiveCfg = Release|x86
		{AFD5265F-5988-4A24-8F57-F81EB9F7EAA7}.AppStore|iPhoneSimulator.Build.0 = Release|x86
		{AFD5265F-5988-4A24-8F57-F81EB9F7EAA7}.AppStore|iPhoneSimulator.Deploy.0 = Release|x86
		{AFD5265F-5988-4A24-8F57-F81EB9F7EAA7}.AppStore|x64.ActiveCfg = Release|x64
		{AFD5265F-5988-4A24-8F57-F81EB9F7EAA7}.AppStore|x64.Build.0 = Release|x64
		{AFD5265F-5988-4A24-8F57-F81EB9F7EAA7}.AppStore|x64.Deploy.0 = Release|x64
		{AFD5265F-5988-4A24-8F57-F81EB9F7EAA7}.AppStore|x86.ActiveCfg = Release|x86
		{AFD5265F-5988-4A24-8F57-F81EB9F7EAA7}.AppStore|x86.Build.0 = Release|x86
		{AFD5265F-5988-4A24-8F57-F81EB9F7EAA7}.AppStore|x86.Deploy.0 = Release|x86
		{AFD5265F-5988-4A24-8F57-F81EB9F7EAA7}.Debug|Any CPU.ActiveCfg = Debug|x86
		{AFD5265F-5988-4A24-8F57-F81EB9F7EAA7}.Debug|ARM.ActiveCfg = Debug|ARM
		{AFD5265F-5988-4A24-8F57-F81EB9F7EAA7}.Debug|ARM.Build.0 = Debug|ARM
		{AFD5265F-5988-4A24-8F57-F81EB9F7EAA7}.Debug|ARM.Deploy.0 = Debug|ARM
		{AFD5265F-5988-4A24-8F57-F81EB9F7EAA7}.Debug|iPhone.ActiveCfg = Debug|x86
		{AFD5265F-5988-4A24-8F57-F81EB9F7EAA7}.Debug|iPhoneSimulator.ActiveCfg = Debug|x86
		{AFD5265F-5988-4A24-8F57-F81EB9F7EAA7}.Debug|x64.ActiveCfg = Debug|x64
		{AFD5265F-5988-4A24-8F57-F81EB9F7EAA7}.Debug|x64.Build.0 = Debug|x64
		{AFD5265F-5988-4A24-8F57-F81EB9F7EAA7}.Debug|x64.Deploy.0 = Debug|x64
		{AFD5265F-5988-4A24-8F57-F81EB9F7EAA7}.Debug|x86.ActiveCfg = Debug|x86
		{AFD5265F-5988-4A24-8F57-F81EB9F7EAA7}.Debug|x86.Build.0 = Debug|x86
		{AFD5265F-5988-4A24-8F57-F81EB9F7EAA7}.Debug|x86.Deploy.0 = Debug|x86
		{AFD5265F-5988-4A24-8F57-F81EB9F7EAA7}.Release|Any CPU.ActiveCfg = Release|x86
		{AFD5265F-5988-4A24-8F57-F81EB9F7EAA7}.Release|ARM.ActiveCfg = Release|ARM
		{AFD5265F-5988-4A24-8F57-F81EB9F7EAA7}.Release|ARM.Build.0 = Release|ARM
		{AFD5265F-5988-4A24-8F57-F81EB9F7EAA7}.Release|ARM.Deploy.0 = Release|ARM
		{AFD5265F-5988-4A24-8F57-F81EB9F7EAA7}.Release|iPhone.ActiveCfg = Release|x86
		{AFD5265F-5988-4A24-8F57-F81EB9F7EAA7}.Release|iPhoneSimulator.ActiveCfg = Release|x86
		{AFD5265F-5988-4A24-8F57-F81EB9F7EAA7}.Release|x64.ActiveCfg = Release|x64
		{AFD5265F-5988-4A24-8F57-F81EB9F7EAA7}.Release|x64.Build.0 = Release|x64
		{AFD5265F-5988-4A24-8F57-F81EB9F7EAA7}.Release|x64.Deploy.0 = Release|x64
		{AFD5265F-5988-4A24-8F57-F81EB9F7EAA7}.Release|x86.ActiveCfg = Release|x86
		{AFD5265F-5988-4A24-8F57-F81EB9F7EAA7}.Release|x86.Build.0 = Release|x86
		{AFD5265F-5988-4A24-8F57-F81EB9F7EAA7}.Release|x86.Deploy.0 = Release|x86
	EndGlobalSection
	GlobalSection(SolutionProperties) = preSolution
		HideSolutionNode = FALSE
	EndGlobalSection
	GlobalSection(NestedProjects) = preSolution
		{52976FE6-ED5E-40D4-8F5B-13917492DC3C} = {CD17C08C-9407-4AD6-BAA9-AA559387589A}
		{658EEFED-5C09-4FD0-94EC-2EE0C04F028D} = {CD17C08C-9407-4AD6-BAA9-AA559387589A}
		{23B56BFE-9FB7-4C34-B787-90E9518E262A} = {CD17C08C-9407-4AD6-BAA9-AA559387589A}
		{EBC2990D-EDC4-4C67-A0E2-A96F355FB3A2} = {CD17C08C-9407-4AD6-BAA9-AA559387589A}
		{AFD5265F-5988-4A24-8F57-F81EB9F7EAA7} = {CD17C08C-9407-4AD6-BAA9-AA559387589A}
	EndGlobalSection
	GlobalSection(ExtensibilityGlobals) = postSolution
		SolutionGuid = {D1B14556-164E-49F3-A701-5BA757863534}
	EndGlobalSection
EndGlobal
